
Microsoft Visual Studio Solution File, Format Version 12.00
# Visual Studio 2012
Project("{FAE04EC0-301F-11D3-BF4B-00C04F79EFBC}") = "CSharpBasicLearn", "CSharpBasicLearn\CSharpBasicLearn.csproj", "{D7499FD8-71F2-4650-9CDB-55743103E6E8}"
EndProject
Project("{FAE04EC0-301F-11D3-BF4B-00C04F79EFBC}") = "CSharp程序结构", "CSharp程序结构\CSharp程序结构.csproj", "{12E00BDF-54C8-4B98-90F8-BC7A1983700C}"
EndProject
Project("{FAE04EC0-301F-11D3-BF4B-00C04F79EFBC}") = "输出命令行参数个数及各参数内容", "输出命令行参数个数及各参数内容\输出命令行参数个数及各参数内容.csproj", "{41839051-61FB-4502-BB58-D381369ACDD3}"
EndProject
Project("{FAE04EC0-301F-11D3-BF4B-00C04F79EFBC}") = "命名空间的使用", "命名空间的使用\命名空间的使用.csproj", "{AEEEFF31-5F63-419D-8551-07E60991D48E}"
EndProject
Project("{FAE04EC0-301F-11D3-BF4B-00C04F79EFBC}") = "动物类继承案例", "动物类继承案例\动物类继承案例.csproj", "{B198A00F-F5F4-447D-B07A-DB936DD218E6}"
EndProject
Project("{FAE04EC0-301F-11D3-BF4B-00C04F79EFBC}") = "索引器", "索引器\索引器.csproj", "{99404F63-CF35-4706-8ED2-D0B0E0F6DC84}"
EndProject
Project("{FAE04EC0-301F-11D3-BF4B-00C04F79EFBC}") = "静态类和静态方法", "静态类和静态方法\静态类和静态方法.csproj", "{6372058E-AF98-4E3A-A89D-442743C7C88F}"
EndProject
Project("{FAE04EC0-301F-11D3-BF4B-00C04F79EFBC}") = "值类型引用类型", "值类型引用类型和字符串\值类型引用类型.csproj", "{38AEA597-0339-49D8-9B24-AD44B5EEA717}"
EndProject
Project("{FAE04EC0-301F-11D3-BF4B-00C04F79EFBC}") = "字符串", "字符串\字符串.csproj", "{0CE65D19-CF3C-46D5-8DA8-8145343944C7}"
EndProject
Project("{FAE04EC0-301F-11D3-BF4B-00C04F79EFBC}") = "字符串练习题一", "字符串练习题一\字符串练习题一.csproj", "{4FC21E8B-867C-437C-A073-8D2308CD99B8}"
EndProject
Project("{FAE04EC0-301F-11D3-BF4B-00C04F79EFBC}") = "字符串练习题二", "字符串练习题二\字符串练习题二.csproj", "{6C00CE92-D34B-4208-BE68-BE5777753BA2}"
EndProject
Global
	GlobalSection(SolutionConfigurationPlatforms) = preSolution
		Debug|Any CPU = Debug|Any CPU
		Release|Any CPU = Release|Any CPU
	EndGlobalSection
	GlobalSection(ProjectConfigurationPlatforms) = postSolution
		{D7499FD8-71F2-4650-9CDB-55743103E6E8}.Debug|Any CPU.ActiveCfg = Debug|Any CPU
		{D7499FD8-71F2-4650-9CDB-55743103E6E8}.Debug|Any CPU.Build.0 = Debug|Any CPU
		{D7499FD8-71F2-4650-9CDB-55743103E6E8}.Release|Any CPU.ActiveCfg = Release|Any CPU
		{D7499FD8-71F2-4650-9CDB-55743103E6E8}.Release|Any CPU.Build.0 = Release|Any CPU
		{12E00BDF-54C8-4B98-90F8-BC7A1983700C}.Debug|Any CPU.ActiveCfg = Debug|Any CPU
		{12E00BDF-54C8-4B98-90F8-BC7A1983700C}.Debug|Any CPU.Build.0 = Debug|Any CPU
		{12E00BDF-54C8-4B98-90F8-BC7A1983700C}.Release|Any CPU.ActiveCfg = Release|Any CPU
		{12E00BDF-54C8-4B98-90F8-BC7A1983700C}.Release|Any CPU.Build.0 = Release|Any CPU
		{41839051-61FB-4502-BB58-D381369ACDD3}.Debug|Any CPU.ActiveCfg = Debug|Any CPU
		{41839051-61FB-4502-BB58-D381369ACDD3}.Debug|Any CPU.Build.0 = Debug|Any CPU
		{41839051-61FB-4502-BB58-D381369ACDD3}.Release|Any CPU.ActiveCfg = Release|Any CPU
		{41839051-61FB-4502-BB58-D381369ACDD3}.Release|Any CPU.Build.0 = Release|Any CPU
		{AEEEFF31-5F63-419D-8551-07E60991D48E}.Debug|Any CPU.ActiveCfg = Debug|Any CPU
		{AEEEFF31-5F63-419D-8551-07E60991D48E}.Debug|Any CPU.Build.0 = Debug|Any CPU
		{AEEEFF31-5F63-419D-8551-07E60991D48E}.Release|Any CPU.ActiveCfg = Release|Any CPU
		{AEEEFF31-5F63-419D-8551-07E60991D48E}.Release|Any CPU.Build.0 = Release|Any CPU
		{B198A00F-F5F4-447D-B07A-DB936DD218E6}.Debug|Any CPU.ActiveCfg = Debug|Any CPU
		{B198A00F-F5F4-447D-B07A-DB936DD218E6}.Debug|Any CPU.Build.0 = Debug|Any CPU
		{B198A00F-F5F4-447D-B07A-DB936DD218E6}.Release|Any CPU.ActiveCfg = Release|Any CPU
		{B198A00F-F5F4-447D-B07A-DB936DD218E6}.Release|Any CPU.Build.0 = Release|Any CPU
		{99404F63-CF35-4706-8ED2-D0B0E0F6DC84}.Debug|Any CPU.ActiveCfg = Debug|Any CPU
		{99404F63-CF35-4706-8ED2-D0B0E0F6DC84}.Debug|Any CPU.Build.0 = Debug|Any CPU
		{99404F63-CF35-4706-8ED2-D0B0E0F6DC84}.Release|Any CPU.ActiveCfg = Release|Any CPU
		{99404F63-CF35-4706-8ED2-D0B0E0F6DC84}.Release|Any CPU.Build.0 = Release|Any CPU
		{6372058E-AF98-4E3A-A89D-442743C7C88F}.Debug|Any CPU.ActiveCfg = Debug|Any CPU
		{6372058E-AF98-4E3A-A89D-442743C7C88F}.Debug|Any CPU.Build.0 = Debug|Any CPU
		{6372058E-AF98-4E3A-A89D-442743C7C88F}.Release|Any CPU.ActiveCfg = Release|Any CPU
		{6372058E-AF98-4E3A-A89D-442743C7C88F}.Release|Any CPU.Build.0 = Release|Any CPU
		{38AEA597-0339-49D8-9B24-AD44B5EEA717}.Debug|Any CPU.ActiveCfg = Debug|Any CPU
		{38AEA597-0339-49D8-9B24-AD44B5EEA717}.Debug|Any CPU.Build.0 = Debug|Any CPU
		{38AEA597-0339-49D8-9B24-AD44B5EEA717}.Release|Any CPU.ActiveCfg = Release|Any CPU
		{38AEA597-0339-49D8-9B24-AD44B5EEA717}.Release|Any CPU.Build.0 = Release|Any CPU
		{0CE65D19-CF3C-46D5-8DA8-8145343944C7}.Debug|Any CPU.ActiveCfg = Debug|Any CPU
		{0CE65D19-CF3C-46D5-8DA8-8145343944C7}.Debug|Any CPU.Build.0 = Debug|Any CPU
		{0CE65D19-CF3C-46D5-8DA8-8145343944C7}.Release|Any CPU.ActiveCfg = Release|Any CPU
		{0CE65D19-CF3C-46D5-8DA8-8145343944C7}.Release|Any CPU.Build.0 = Release|Any CPU
		{4FC21E8B-867C-437C-A073-8D2308CD99B8}.Debug|Any CPU.ActiveCfg = Debug|Any CPU
		{4FC21E8B-867C-437C-A073-8D2308CD99B8}.Debug|Any CPU.Build.0 = Debug|Any CPU
		{4FC21E8B-867C-437C-A073-8D2308CD99B8}.Release|Any CPU.ActiveCfg = Release|Any CPU
		{4FC21E8B-867C-437C-A073-8D2308CD99B8}.Release|Any CPU.Build.0 = Release|Any CPU
		{6C00CE92-D34B-4208-BE68-BE5777753BA2}.Debug|Any CPU.ActiveCfg = Debug|Any CPU
		{6C00CE92-D34B-4208-BE68-BE5777753BA2}.Debug|Any CPU.Build.0 = Debug|Any CPU
		{6C00CE92-D34B-4208-BE68-BE5777753BA2}.Release|Any CPU.ActiveCfg = Release|Any CPU
		{6C00CE92-D34B-4208-BE68-BE5777753BA2}.Release|Any CPU.Build.0 = Release|Any CPU
	EndGlobalSection
	GlobalSection(SolutionProperties) = preSolution
		HideSolutionNode = FALSE
	EndGlobalSection
	GlobalSection(Performance) = preSolution
		HasPerformanceSessions = true
	EndGlobalSection
EndGlobal
