
Microsoft Visual Studio Solution File, Format Version 12.00
# Visual Studio 2012
Project("{FAE04EC0-301F-11D3-BF4B-00C04F79EFBC}") = "WebAPI-Swagger", "WebAPI-Swagger\WebAPI-Swagger.csproj", "{CFF5C8FA-FB39-432D-BEEA-60D7655B2887}"
EndProject
Global
	GlobalSection(SolutionConfigurationPlatforms) = preSolution
		Debug|Any CPU = Debug|Any CPU
		Release|Any CPU = Release|Any CPU
	EndGlobalSection
	GlobalSection(ProjectConfigurationPlatforms) = postSolution
		{CFF5C8FA-FB39-432D-BEEA-60D7655B2887}.Debug|Any CPU.ActiveCfg = Debug|Any CPU
		{CFF5C8FA-FB39-432D-BEEA-60D7655B2887}.Debug|Any CPU.Build.0 = Debug|Any CPU
		{CFF5C8FA-FB39-432D-BEEA-60D7655B2887}.Release|Any CPU.ActiveCfg = Release|Any CPU
		{CFF5C8FA-FB39-432D-BEEA-60D7655B2887}.Release|Any CPU.Build.0 = Release|Any CPU
	EndGlobalSection
	GlobalSection(SolutionProperties) = preSolution
		HideSolutionNode = FALSE
	EndGlobalSection
EndGlobal
